// !$*UTF8*$!
{
	archiveVersion = 1;
	classes = {
	};
	objectVersion = 46;
	objects = {

/* Begin PBXBuildFile section */
		C44C943F15FEF38100AE81AD /* UIKit.framework in Frameworks */ = {isa = PBXBuildFile; fileRef = C44C943E15FEF38100AE81AD /* UIKit.framework */; };
		C44C944115FEF38100AE81AD /* Foundation.framework in Frameworks */ = {isa = PBXBuildFile; fileRef = C44C944015FEF38100AE81AD /* Foundation.framework */; };
		C44C944315FEF38100AE81AD /* CoreGraphics.framework in Frameworks */ = {isa = PBXBuildFile; fileRef = C44C944215FEF38100AE81AD /* CoreGraphics.framework */; };
		C44C944915FEF38100AE81AD /* InfoPlist.strings in Resources */ = {isa = PBXBuildFile; fileRef = C44C944715FEF38100AE81AD /* InfoPlist.strings */; };
		C44C944B15FEF38100AE81AD /* main.m in Sources */ = {isa = PBXBuildFile; fileRef = C44C944A15FEF38100AE81AD /* main.m */; };
		C44C944F15FEF38100AE81AD /* AppDelegate.m in Sources */ = {isa = PBXBuildFile; fileRef = C44C944E15FEF38100AE81AD /* AppDelegate.m */; };
		C44C945215FEF38100AE81AD /* ViewController.m in Sources */ = {isa = PBXBuildFile; fileRef = C44C945115FEF38100AE81AD /* ViewController.m */; };
		C44C945515FEF38100AE81AD /* ViewController.xib in Resources */ = {isa = PBXBuildFile; fileRef = C44C945315FEF38100AE81AD /* ViewController.xib */; };
		C44C945C15FEF39F00AE81AD /* AddEventView.xib in Resources */ = {isa = PBXBuildFile; fileRef = C44C945B15FEF39F00AE81AD /* AddEventView.xib */; };
		C44C945F15FEF3BE00AE81AD /* AddEventViewController.m in Sources */ = {isa = PBXBuildFile; fileRef = C44C945E15FEF3BE00AE81AD /* AddEventViewController.m */; };
/* End PBXBuildFile section */

/* Begin PBXFileReference section */
		C44C943A15FEF38100AE81AD /* wk3TaskKeeper.app */ = {isa = PBXFileReference; explicitFileType = wrapper.application; includeInIndex = 0; path = wk3TaskKeeper.app; sourceTree = BUILT_PRODUCTS_DIR; };
		C44C943E15FEF38100AE81AD /* UIKit.framework */ = {isa = PBXFileReference; lastKnownFileType = wrapper.framework; name = UIKit.framework; path = System/Library/Frameworks/UIKit.framework; sourceTree = SDKROOT; };
		C44C944015FEF38100AE81AD /* Foundation.framework */ = {isa = PBXFileReference; lastKnownFileType = wrapper.framework; name = Foundation.framework; path = System/Library/Frameworks/Foundation.framework; sourceTree = SDKROOT; };
		C44C944215FEF38100AE81AD /* CoreGraphics.framework */ = {isa = PBXFileReference; lastKnownFileType = wrapper.framework; name = CoreGraphics.framework; path = System/Library/Frameworks/CoreGraphics.framework; sourceTree = SDKROOT; };
		C44C944615FEF38100AE81AD /* wk3TaskKeeper-Info.plist */ = {isa = PBXFileReference; lastKnownFileType = text.plist.xml; path = "wk3TaskKeeper-Info.plist"; sourceTree = "<group>"; };
		C44C944815FEF38100AE81AD /* en */ = {isa = PBXFileReference; lastKnownFileType = text.plist.strings; name = en; path = en.lproj/InfoPlist.strings; sourceTree = "<group>"; };
		C44C944A15FEF38100AE81AD /* main.m */ = {isa = PBXFileReference; lastKnownFileType = sourcecode.c.objc; path = main.m; sourceTree = "<group>"; };
		C44C944C15FEF38100AE81AD /* wk3TaskKeeper-Prefix.pch */ = {isa = PBXFileReference; lastKnownFileType = sourcecode.c.h; path = "wk3TaskKeeper-Prefix.pch"; sourceTree = "<group>"; };
		C44C944D15FEF38100AE81AD /* AppDelegate.h */ = {isa = PBXFileReference; lastKnownFileType = sourcecode.c.h; path = AppDelegate.h; sourceTree = "<group>"; };
		C44C944E15FEF38100AE81AD /* AppDelegate.m */ = {isa = PBXFileReference; lastKnownFileType = sourcecode.c.objc; path = AppDelegate.m; sourceTree = "<group>"; };
		C44C945015FEF38100AE81AD /* ViewController.h */ = {isa = PBXFileReference; lastKnownFileType = sourcecode.c.h; path = ViewController.h; sourceTree = "<group>"; };
		C44C945115FEF38100AE81AD /* ViewController.m */ = {isa = PBXFileReference; lastKnownFileType = sourcecode.c.objc; path = ViewController.m; sourceTree = "<group>"; };
		C44C945415FEF38100AE81AD /* en */ = {isa = PBXFileReference; lastKnownFileType = file.xib; name = en; path = en.lproj/ViewController.xib; sourceTree = "<group>"; };
		C44C945B15FEF39F00AE81AD /* AddEventView.xib */ = {isa = PBXFileReference; fileEncoding = 4; lastKnownFileType = file.xib; path = AddEventView.xib; sourceTree = "<group>"; };
		C44C945D15FEF3BE00AE81AD /* AddEventViewController.h */ = {isa = PBXFileReference; fileEncoding = 4; lastKnownFileType = sourcecode.c.h; path = AddEventViewController.h; sourceTree = "<group>"; };
		C44C945E15FEF3BE00AE81AD /* AddEventViewController.m */ = {isa = PBXFileReference; fileEncoding = 4; lastKnownFileType = sourcecode.c.objc; path = AddEventViewController.m; sourceTree = "<group>"; };
/* End PBXFileReference section */

/* Begin PBXFrameworksBuildPhase section */
		C44C943715FEF38100AE81AD /* Frameworks */ = {
			isa = PBXFrameworksBuildPhase;
			buildActionMask = 2147483647;
			files = (
				C44C943F15FEF38100AE81AD /* UIKit.framework in Frameworks */,
				C44C944115FEF38100AE81AD /* Foundation.framework in Frameworks */,
				C44C944315FEF38100AE81AD /* CoreGraphics.framework in Frameworks */,
			);
			runOnlyForDeploymentPostprocessing = 0;
		};
/* End PBXFrameworksBuildPhase section */

/* Begin PBXGroup section */
		C44C942F15FEF38100AE81AD = {
			isa = PBXGroup;
			children = (
				C44C944415FEF38100AE81AD /* wk3TaskKeeper */,
				C44C943D15FEF38100AE81AD /* Frameworks */,
				C44C943B15FEF38100AE81AD /* Products */,
			);
			sourceTree = "<group>";
		};
		C44C943B15FEF38100AE81AD /* Products */ = {
			isa = PBXGroup;
			children = (
				C44C943A15FEF38100AE81AD /* wk3TaskKeeper.app */,
			);
			name = Products;
			sourceTree = "<group>";
		};
		C44C943D15FEF38100AE81AD /* Frameworks */ = {
			isa = PBXGroup;
			children = (
				C44C943E15FEF38100AE81AD /* UIKit.framework */,
				C44C944015FEF38100AE81AD /* Foundation.framework */,
				C44C944215FEF38100AE81AD /* CoreGraphics.framework */,
			);
			name = Frameworks;
			sourceTree = "<group>";
		};
		C44C944415FEF38100AE81AD /* wk3TaskKeeper */ = {
			isa = PBXGroup;
			children = (
				C44C944D15FEF38100AE81AD /* AppDelegate.h */,
				C44C944E15FEF38100AE81AD /* AppDelegate.m */,
				C44C945015FEF38100AE81AD /* ViewController.h */,
				C44C945115FEF38100AE81AD /* ViewController.m */,
				C44C945315FEF38100AE81AD /* ViewController.xib */,
				C44C944515FEF38100AE81AD /* Supporting Files */,
				C44C945B15FEF39F00AE81AD /* AddEventView.xib */,
				C44C945D15FEF3BE00AE81AD /* AddEventViewController.h */,
				C44C945E15FEF3BE00AE81AD /* AddEventViewController.m */,
			);
			path = wk3TaskKeeper;
			sourceTree = "<group>";
		};
		C44C944515FEF38100AE81AD /* Supporting Files */ = {
			isa = PBXGroup;
			children = (
				C44C944615FEF38100AE81AD /* wk3TaskKeeper-Info.plist */,
				C44C944715FEF38100AE81AD /* InfoPlist.strings */,
				C44C944A15FEF38100AE81AD /* main.m */,
				C44C944C15FEF38100AE81AD /* wk3TaskKeeper-Prefix.pch */,
			);
			name = "Supporting Files";
			sourceTree = "<group>";
		};
/* End PBXGroup section */

/* Begin PBXNativeTarget section */
		C44C943915FEF38100AE81AD /* wk3TaskKeeper */ = {
			isa = PBXNativeTarget;
			buildConfigurationList = C44C945815FEF38100AE81AD /* Build configuration list for PBXNativeTarget "wk3TaskKeeper" */;
			buildPhases = (
				C44C943615FEF38100AE81AD /* Sources */,
				C44C943715FEF38100AE81AD /* Frameworks */,
				C44C943815FEF38100AE81AD /* Resources */,
			);
			buildRules = (
			);
			dependencies = (
			);
			name = wk3TaskKeeper;
			productName = wk3TaskKeeper;
			productReference = C44C943A15FEF38100AE81AD /* wk3TaskKeeper.app */;
			productType = "com.apple.product-type.application";
		};
/* End PBXNativeTarget section */

/* Begin PBXProject section */
		C44C943115FEF38100AE81AD /* Project object */ = {
			isa = PBXProject;
			attributes = {
				LastUpgradeCheck = 0440;
				ORGANIZATIONNAME = JDNorrod;
			};
			buildConfigurationList = C44C943415FEF38100AE81AD /* Build configuration list for PBXProject "wk3TaskKeeper" */;
			compatibilityVersion = "Xcode 3.2";
			developmentRegion = English;
			hasScannedForEncodings = 0;
			knownRegions = (
				en,
			);
			mainGroup = C44C942F15FEF38100AE81AD;
			productRefGroup = C44C943B15FEF38100AE81AD /* Products */;
			projectDirPath = "";
			projectRoot = "";
			targets = (
				C44C943915FEF38100AE81AD /* wk3TaskKeeper */,
			);
		};
/* End PBXProject section */

/* Begin PBXResourcesBuildPhase section */
		C44C943815FEF38100AE81AD /* Resources */ = {
			isa = PBXResourcesBuildPhase;
			buildActionMask = 2147483647;
			files = (
				C44C944915FEF38100AE81AD /* InfoPlist.strings in Resources */,
				C44C945515FEF38100AE81AD /* ViewController.xib in Resources */,
				C44C945C15FEF39F00AE81AD /* AddEventView.xib in Resources */,
			);
			runOnlyForDeploymentPostprocessing = 0;
		};
/* End PBXResourcesBuildPhase section */

/* Begin PBXSourcesBuildPhase section */
		C44C943615FEF38100AE81AD /* Sources */ = {
			isa = PBXSourcesBuildPhase;
			buildActionMask = 2147483647;
			files = (
				C44C944B15FEF38100AE81AD /* main.m in Sources */,
				C44C944F15FEF38100AE81AD /* AppDelegate.m in Sources */,
				C44C945215FEF38100AE81AD /* ViewController.m in Sources */,
				C44C945F15FEF3BE00AE81AD /* AddEventViewController.m in Sources */,
			);
			runOnlyForDeploymentPostprocessing = 0;
		};
/* End PBXSourcesBuildPhase section */

/* Begin PBXVariantGroup section */
		C44C944715FEF38100AE81AD /* InfoPlist.strings */ = {
			isa = PBXVariantGroup;
			children = (
				C44C944815FEF38100AE81AD /* en */,
			);
			name = InfoPlist.strings;
			sourceTree = "<group>";
		};
		C44C945315FEF38100AE81AD /* ViewController.xib */ = {
			isa = PBXVariantGroup;
			children = (
				C44C945415FEF38100AE81AD /* en */,
			);
			name = ViewController.xib;
			sourceTree = "<group>";
		};
/* End PBXVariantGroup section */

/* Begin XCBuildConfiguration section */
		C44C945615FEF38100AE81AD /* Debug */ = {
			isa = XCBuildConfiguration;
			buildSettings = {
				ALWAYS_SEARCH_USER_PATHS = NO;
				ARCHS = "$(ARCHS_STANDARD_32_BIT)";
				CLANG_CXX_LANGUAGE_STANDARD = "gnu++0x";
				CLANG_ENABLE_OBJC_ARC = YES;
				CLANG_WARN__DUPLICATE_METHOD_MATCH = YES;
				"CODE_SIGN_IDENTITY[sdk=iphoneos*]" = "iPhone Developer";
				COPY_PHASE_STRIP = NO;
				GCC_C_LANGUAGE_STANDARD = gnu99;
				GCC_DYNAMIC_NO_PIC = NO;
				GCC_OPTIMIZATION_LEVEL = 0;
				GCC_PREPROCESSOR_DEFINITIONS = (
					"DEBUG=1",
					"$(inherited)",
				);
				GCC_SYMBOLS_PRIVATE_EXTERN = NO;
				GCC_VERSION = com.apple.compilers.llvm.clang.1_0;
				GCC_WARN_ABOUT_RETURN_TYPE = YES;
				GCC_WARN_UNINITIALIZED_AUTOS = YES;
				GCC_WARN_UNUSED_VARIABLE = YES;
				IPHONEOS_DEPLOYMENT_TARGET = 5.1;
				SDKROOT = iphoneos;
			};
			name = Debug;
		};
		C44C945715FEF38100AE81AD /* Release */ = {
			isa = XCBuildConfiguration;
			buildSettings = {
				ALWAYS_SEARCH_USER_PATHS = NO;
				ARCHS = "$(ARCHS_STANDARD_32_BIT)";
				CLANG_CXX_LANGUAGE_STANDARD = "gnu++0x";
				CLANG_ENABLE_OBJC_ARC = YES;
				CLANG_WARN__DUPLICATE_METHOD_MATCH = YES;
				"CODE_SIGN_IDENTITY[sdk=iphoneos*]" = "iPhone Developer";
				COPY_PHASE_STRIP = YES;
				GCC_C_LANGUAGE_STANDARD = gnu99;
				GCC_VERSION = com.apple.compilers.llvm.clang.1_0;
				GCC_WARN_ABOUT_RETURN_TYPE = YES;
				GCC_WARN_UNINITIALIZED_AUTOS = YES;
				GCC_WARN_UNUSED_VARIABLE = YES;
				IPHONEOS_DEPLOYMENT_TARGET = 5.1;
				OTHER_CFLAGS = "-DNS_BLOCK_ASSERTIONS=1";
				SDKROOT = iphoneos;
				VALIDATE_PRODUCT = YES;
			};
			name = Release;
		};
		C44C945915FEF38100AE81AD /* Debug */ = {
			isa = XCBuildConfiguration;
			buildSettings = {
				GCC_PRECOMPILE_PREFIX_HEADER = YES;
				GCC_PREFIX_HEADER = "wk3TaskKeeper/wk3TaskKeeper-Prefix.pch";
				INFOPLIST_FILE = "wk3TaskKeeper/wk3TaskKeeper-Info.plist";
				PRODUCT_NAME = "$(TARGET_NAME)";
				WRAPPER_EXTENSION = app;
			};
			name = Debug;
		};
		C44C945A15FEF38100AE81AD /* Release */ = {
			isa = XCBuildConfiguration;
			buildSettings = {
				GCC_PRECOMPILE_PREFIX_HEADER = YES;
				GCC_PREFIX_HEADER = "wk3TaskKeeper/wk3TaskKeeper-Prefix.pch";
				INFOPLIST_FILE = "wk3TaskKeeper/wk3TaskKeeper-Info.plist";
				PRODUCT_NAME = "$(TARGET_NAME)";
				WRAPPER_EXTENSION = app;
			};
			name = Release;
		};
/* End XCBuildConfiguration section */

/* Begin XCConfigurationList section */
		C44C943415FEF38100AE81AD /* Build configuration list for PBXProject "wk3TaskKeeper" */ = {
			isa = XCConfigurationList;
			buildConfigurations = (
				C44C945615FEF38100AE81AD /* Debug */,
				C44C945715FEF38100AE81AD /* Release */,
			);
			defaultConfigurationIsVisible = 0;
			defaultConfigurationName = Release;
		};
		C44C945815FEF38100AE81AD /* Build configuration list for PBXNativeTarget "wk3TaskKeeper" */ = {
			isa = XCConfigurationList;
			buildConfigurations = (
				C44C945915FEF38100AE81AD /* Debug */,
				C44C945A15FEF38100AE81AD /* Release */,
			);
			defaultConfigurationIsVisible = 0;
		};
/* End XCConfigurationList section */
	};
	rootObject = C44C943115FEF38100AE81AD /* Project object */;
}
