// !$*UTF8*$!
{
	archiveVersion = 1;
	classes = {
	};
	objectVersion = 46;
	objects = {

/* Begin PBXBuildFile section */
		C4CB291C15C8C40000889819 /* UIKit.framework in Frameworks */ = {isa = PBXBuildFile; fileRef = C4CB291B15C8C40000889819 /* UIKit.framework */; };
		C4CB291E15C8C40000889819 /* Foundation.framework in Frameworks */ = {isa = PBXBuildFile; fileRef = C4CB291D15C8C40000889819 /* Foundation.framework */; };
		C4CB292015C8C40000889819 /* CoreGraphics.framework in Frameworks */ = {isa = PBXBuildFile; fileRef = C4CB291F15C8C40000889819 /* CoreGraphics.framework */; };
		C4CB292615C8C40000889819 /* InfoPlist.strings in Resources */ = {isa = PBXBuildFile; fileRef = C4CB292415C8C40000889819 /* InfoPlist.strings */; };
		C4CB292815C8C40000889819 /* main.m in Sources */ = {isa = PBXBuildFile; fileRef = C4CB292715C8C40000889819 /* main.m */; };
		C4CB292C15C8C40000889819 /* AppDelegate.m in Sources */ = {isa = PBXBuildFile; fileRef = C4CB292B15C8C40000889819 /* AppDelegate.m */; };
		C4CB293415C8C40000889819 /* SenTestingKit.framework in Frameworks */ = {isa = PBXBuildFile; fileRef = C4CB293315C8C40000889819 /* SenTestingKit.framework */; };
		C4CB293515C8C40000889819 /* UIKit.framework in Frameworks */ = {isa = PBXBuildFile; fileRef = C4CB291B15C8C40000889819 /* UIKit.framework */; };
		C4CB293615C8C40000889819 /* Foundation.framework in Frameworks */ = {isa = PBXBuildFile; fileRef = C4CB291D15C8C40000889819 /* Foundation.framework */; };
		C4CB293E15C8C40000889819 /* InfoPlist.strings in Resources */ = {isa = PBXBuildFile; fileRef = C4CB293C15C8C40000889819 /* InfoPlist.strings */; };
		C4CB294115C8C40000889819 /* NoahsArkTests.m in Sources */ = {isa = PBXBuildFile; fileRef = C4CB294015C8C40000889819 /* NoahsArkTests.m */; };
/* End PBXBuildFile section */

/* Begin PBXContainerItemProxy section */
		C4CB293715C8C40000889819 /* PBXContainerItemProxy */ = {
			isa = PBXContainerItemProxy;
			containerPortal = C4CB290E15C8C3FF00889819 /* Project object */;
			proxyType = 1;
			remoteGlobalIDString = C4CB291615C8C40000889819;
			remoteInfo = NoahsArk;
		};
/* End PBXContainerItemProxy section */

/* Begin PBXFileReference section */
		C4CB291715C8C40000889819 /* NoahsArk.app */ = {isa = PBXFileReference; explicitFileType = wrapper.application; includeInIndex = 0; path = NoahsArk.app; sourceTree = BUILT_PRODUCTS_DIR; };
		C4CB291B15C8C40000889819 /* UIKit.framework */ = {isa = PBXFileReference; lastKnownFileType = wrapper.framework; name = UIKit.framework; path = System/Library/Frameworks/UIKit.framework; sourceTree = SDKROOT; };
		C4CB291D15C8C40000889819 /* Foundation.framework */ = {isa = PBXFileReference; lastKnownFileType = wrapper.framework; name = Foundation.framework; path = System/Library/Frameworks/Foundation.framework; sourceTree = SDKROOT; };
		C4CB291F15C8C40000889819 /* CoreGraphics.framework */ = {isa = PBXFileReference; lastKnownFileType = wrapper.framework; name = CoreGraphics.framework; path = System/Library/Frameworks/CoreGraphics.framework; sourceTree = SDKROOT; };
		C4CB292315C8C40000889819 /* NoahsArk-Info.plist */ = {isa = PBXFileReference; lastKnownFileType = text.plist.xml; path = "NoahsArk-Info.plist"; sourceTree = "<group>"; };
		C4CB292515C8C40000889819 /* en */ = {isa = PBXFileReference; lastKnownFileType = text.plist.strings; name = en; path = en.lproj/InfoPlist.strings; sourceTree = "<group>"; };
		C4CB292715C8C40000889819 /* main.m */ = {isa = PBXFileReference; lastKnownFileType = sourcecode.c.objc; path = main.m; sourceTree = "<group>"; };
		C4CB292915C8C40000889819 /* NoahsArk-Prefix.pch */ = {isa = PBXFileReference; lastKnownFileType = sourcecode.c.h; path = "NoahsArk-Prefix.pch"; sourceTree = "<group>"; };
		C4CB292A15C8C40000889819 /* AppDelegate.h */ = {isa = PBXFileReference; lastKnownFileType = sourcecode.c.h; path = AppDelegate.h; sourceTree = "<group>"; };
		C4CB292B15C8C40000889819 /* AppDelegate.m */ = {isa = PBXFileReference; lastKnownFileType = sourcecode.c.objc; path = AppDelegate.m; sourceTree = "<group>"; };
		C4CB293215C8C40000889819 /* NoahsArkTests.octest */ = {isa = PBXFileReference; explicitFileType = wrapper.cfbundle; includeInIndex = 0; path = NoahsArkTests.octest; sourceTree = BUILT_PRODUCTS_DIR; };
		C4CB293315C8C40000889819 /* SenTestingKit.framework */ = {isa = PBXFileReference; lastKnownFileType = wrapper.framework; name = SenTestingKit.framework; path = Library/Frameworks/SenTestingKit.framework; sourceTree = DEVELOPER_DIR; };
		C4CB293B15C8C40000889819 /* NoahsArkTests-Info.plist */ = {isa = PBXFileReference; lastKnownFileType = text.plist.xml; path = "NoahsArkTests-Info.plist"; sourceTree = "<group>"; };
		C4CB293D15C8C40000889819 /* en */ = {isa = PBXFileReference; lastKnownFileType = text.plist.strings; name = en; path = en.lproj/InfoPlist.strings; sourceTree = "<group>"; };
		C4CB293F15C8C40000889819 /* NoahsArkTests.h */ = {isa = PBXFileReference; lastKnownFileType = sourcecode.c.h; path = NoahsArkTests.h; sourceTree = "<group>"; };
		C4CB294015C8C40000889819 /* NoahsArkTests.m */ = {isa = PBXFileReference; lastKnownFileType = sourcecode.c.objc; path = NoahsArkTests.m; sourceTree = "<group>"; };
/* End PBXFileReference section */

/* Begin PBXFrameworksBuildPhase section */
		C4CB291415C8C40000889819 /* Frameworks */ = {
			isa = PBXFrameworksBuildPhase;
			buildActionMask = 2147483647;
			files = (
				C4CB291C15C8C40000889819 /* UIKit.framework in Frameworks */,
				C4CB291E15C8C40000889819 /* Foundation.framework in Frameworks */,
				C4CB292015C8C40000889819 /* CoreGraphics.framework in Frameworks */,
			);
			runOnlyForDeploymentPostprocessing = 0;
		};
		C4CB292E15C8C40000889819 /* Frameworks */ = {
			isa = PBXFrameworksBuildPhase;
			buildActionMask = 2147483647;
			files = (
				C4CB293415C8C40000889819 /* SenTestingKit.framework in Frameworks */,
				C4CB293515C8C40000889819 /* UIKit.framework in Frameworks */,
				C4CB293615C8C40000889819 /* Foundation.framework in Frameworks */,
			);
			runOnlyForDeploymentPostprocessing = 0;
		};
/* End PBXFrameworksBuildPhase section */

/* Begin PBXGroup section */
		C4CB290C15C8C3FF00889819 = {
			isa = PBXGroup;
			children = (
				C4CB292115C8C40000889819 /* NoahsArk */,
				C4CB293915C8C40000889819 /* NoahsArkTests */,
				C4CB291A15C8C40000889819 /* Frameworks */,
				C4CB291815C8C40000889819 /* Products */,
			);
			sourceTree = "<group>";
		};
		C4CB291815C8C40000889819 /* Products */ = {
			isa = PBXGroup;
			children = (
				C4CB291715C8C40000889819 /* NoahsArk.app */,
				C4CB293215C8C40000889819 /* NoahsArkTests.octest */,
			);
			name = Products;
			sourceTree = "<group>";
		};
		C4CB291A15C8C40000889819 /* Frameworks */ = {
			isa = PBXGroup;
			children = (
				C4CB291B15C8C40000889819 /* UIKit.framework */,
				C4CB291D15C8C40000889819 /* Foundation.framework */,
				C4CB291F15C8C40000889819 /* CoreGraphics.framework */,
				C4CB293315C8C40000889819 /* SenTestingKit.framework */,
			);
			name = Frameworks;
			sourceTree = "<group>";
		};
		C4CB292115C8C40000889819 /* NoahsArk */ = {
			isa = PBXGroup;
			children = (
				C4CB292A15C8C40000889819 /* AppDelegate.h */,
				C4CB292B15C8C40000889819 /* AppDelegate.m */,
				C4CB292215C8C40000889819 /* Supporting Files */,
			);
			path = NoahsArk;
			sourceTree = "<group>";
		};
		C4CB292215C8C40000889819 /* Supporting Files */ = {
			isa = PBXGroup;
			children = (
				C4CB292315C8C40000889819 /* NoahsArk-Info.plist */,
				C4CB292415C8C40000889819 /* InfoPlist.strings */,
				C4CB292715C8C40000889819 /* main.m */,
				C4CB292915C8C40000889819 /* NoahsArk-Prefix.pch */,
			);
			name = "Supporting Files";
			sourceTree = "<group>";
		};
		C4CB293915C8C40000889819 /* NoahsArkTests */ = {
			isa = PBXGroup;
			children = (
				C4CB293F15C8C40000889819 /* NoahsArkTests.h */,
				C4CB294015C8C40000889819 /* NoahsArkTests.m */,
				C4CB293A15C8C40000889819 /* Supporting Files */,
			);
			path = NoahsArkTests;
			sourceTree = "<group>";
		};
		C4CB293A15C8C40000889819 /* Supporting Files */ = {
			isa = PBXGroup;
			children = (
				C4CB293B15C8C40000889819 /* NoahsArkTests-Info.plist */,
				C4CB293C15C8C40000889819 /* InfoPlist.strings */,
			);
			name = "Supporting Files";
			sourceTree = "<group>";
		};
/* End PBXGroup section */

/* Begin PBXNativeTarget section */
		C4CB291615C8C40000889819 /* NoahsArk */ = {
			isa = PBXNativeTarget;
			buildConfigurationList = C4CB294415C8C40000889819 /* Build configuration list for PBXNativeTarget "NoahsArk" */;
			buildPhases = (
				C4CB291315C8C40000889819 /* Sources */,
				C4CB291415C8C40000889819 /* Frameworks */,
				C4CB291515C8C40000889819 /* Resources */,
			);
			buildRules = (
			);
			dependencies = (
			);
			name = NoahsArk;
			productName = NoahsArk;
			productReference = C4CB291715C8C40000889819 /* NoahsArk.app */;
			productType = "com.apple.product-type.application";
		};
		C4CB293115C8C40000889819 /* NoahsArkTests */ = {
			isa = PBXNativeTarget;
			buildConfigurationList = C4CB294715C8C40000889819 /* Build configuration list for PBXNativeTarget "NoahsArkTests" */;
			buildPhases = (
				C4CB292D15C8C40000889819 /* Sources */,
				C4CB292E15C8C40000889819 /* Frameworks */,
				C4CB292F15C8C40000889819 /* Resources */,
				C4CB293015C8C40000889819 /* ShellScript */,
			);
			buildRules = (
			);
			dependencies = (
				C4CB293815C8C40000889819 /* PBXTargetDependency */,
			);
			name = NoahsArkTests;
			productName = NoahsArkTests;
			productReference = C4CB293215C8C40000889819 /* NoahsArkTests.octest */;
			productType = "com.apple.product-type.bundle";
		};
/* End PBXNativeTarget section */

/* Begin PBXProject section */
		C4CB290E15C8C3FF00889819 /* Project object */ = {
			isa = PBXProject;
			attributes = {
				LastUpgradeCheck = 0430;
			};
			buildConfigurationList = C4CB291115C8C3FF00889819 /* Build configuration list for PBXProject "NoahsArk" */;
			compatibilityVersion = "Xcode 3.2";
			developmentRegion = English;
			hasScannedForEncodings = 0;
			knownRegions = (
				en,
			);
			mainGroup = C4CB290C15C8C3FF00889819;
			productRefGroup = C4CB291815C8C40000889819 /* Products */;
			projectDirPath = "";
			projectRoot = "";
			targets = (
				C4CB291615C8C40000889819 /* NoahsArk */,
				C4CB293115C8C40000889819 /* NoahsArkTests */,
			);
		};
/* End PBXProject section */

/* Begin PBXResourcesBuildPhase section */
		C4CB291515C8C40000889819 /* Resources */ = {
			isa = PBXResourcesBuildPhase;
			buildActionMask = 2147483647;
			files = (
				C4CB292615C8C40000889819 /* InfoPlist.strings in Resources */,
			);
			runOnlyForDeploymentPostprocessing = 0;
		};
		C4CB292F15C8C40000889819 /* Resources */ = {
			isa = PBXResourcesBuildPhase;
			buildActionMask = 2147483647;
			files = (
				C4CB293E15C8C40000889819 /* InfoPlist.strings in Resources */,
			);
			runOnlyForDeploymentPostprocessing = 0;
		};
/* End PBXResourcesBuildPhase section */

/* Begin PBXShellScriptBuildPhase section */
		C4CB293015C8C40000889819 /* ShellScript */ = {
			isa = PBXShellScriptBuildPhase;
			buildActionMask = 2147483647;
			files = (
			);
			inputPaths = (
			);
			outputPaths = (
			);
			runOnlyForDeploymentPostprocessing = 0;
			shellPath = /bin/sh;
			shellScript = "# Run the unit tests in this test bundle.\n\"${SYSTEM_DEVELOPER_DIR}/Tools/RunUnitTests\"\n";
		};
/* End PBXShellScriptBuildPhase section */

/* Begin PBXSourcesBuildPhase section */
		C4CB291315C8C40000889819 /* Sources */ = {
			isa = PBXSourcesBuildPhase;
			buildActionMask = 2147483647;
			files = (
				C4CB292815C8C40000889819 /* main.m in Sources */,
				C4CB292C15C8C40000889819 /* AppDelegate.m in Sources */,
			);
			runOnlyForDeploymentPostprocessing = 0;
		};
		C4CB292D15C8C40000889819 /* Sources */ = {
			isa = PBXSourcesBuildPhase;
			buildActionMask = 2147483647;
			files = (
				C4CB294115C8C40000889819 /* NoahsArkTests.m in Sources */,
			);
			runOnlyForDeploymentPostprocessing = 0;
		};
/* End PBXSourcesBuildPhase section */

/* Begin PBXTargetDependency section */
		C4CB293815C8C40000889819 /* PBXTargetDependency */ = {
			isa = PBXTargetDependency;
			target = C4CB291615C8C40000889819 /* NoahsArk */;
			targetProxy = C4CB293715C8C40000889819 /* PBXContainerItemProxy */;
		};
/* End PBXTargetDependency section */

/* Begin PBXVariantGroup section */
		C4CB292415C8C40000889819 /* InfoPlist.strings */ = {
			isa = PBXVariantGroup;
			children = (
				C4CB292515C8C40000889819 /* en */,
			);
			name = InfoPlist.strings;
			sourceTree = "<group>";
		};
		C4CB293C15C8C40000889819 /* InfoPlist.strings */ = {
			isa = PBXVariantGroup;
			children = (
				C4CB293D15C8C40000889819 /* en */,
			);
			name = InfoPlist.strings;
			sourceTree = "<group>";
		};
/* End PBXVariantGroup section */

/* Begin XCBuildConfiguration section */
		C4CB294215C8C40000889819 /* Debug */ = {
			isa = XCBuildConfiguration;
			buildSettings = {
				ALWAYS_SEARCH_USER_PATHS = NO;
				ARCHS = "$(ARCHS_STANDARD_32_BIT)";
				CLANG_ENABLE_OBJC_ARC = YES;
				"CODE_SIGN_IDENTITY[sdk=iphoneos*]" = "iPhone Developer";
				COPY_PHASE_STRIP = NO;
				GCC_C_LANGUAGE_STANDARD = gnu99;
				GCC_DYNAMIC_NO_PIC = NO;
				GCC_OPTIMIZATION_LEVEL = 0;
				GCC_PREPROCESSOR_DEFINITIONS = (
					"DEBUG=1",
					"$(inherited)",
				);
				GCC_SYMBOLS_PRIVATE_EXTERN = NO;
				GCC_VERSION = com.apple.compilers.llvm.clang.1_0;
				GCC_WARN_ABOUT_RETURN_TYPE = YES;
				GCC_WARN_UNINITIALIZED_AUTOS = YES;
				GCC_WARN_UNUSED_VARIABLE = YES;
				IPHONEOS_DEPLOYMENT_TARGET = 5.1;
				SDKROOT = iphoneos;
				TARGETED_DEVICE_FAMILY = "1,2";
			};
			name = Debug;
		};
		C4CB294315C8C40000889819 /* Release */ = {
			isa = XCBuildConfiguration;
			buildSettings = {
				ALWAYS_SEARCH_USER_PATHS = NO;
				ARCHS = "$(ARCHS_STANDARD_32_BIT)";
				CLANG_ENABLE_OBJC_ARC = YES;
				"CODE_SIGN_IDENTITY[sdk=iphoneos*]" = "iPhone Developer";
				COPY_PHASE_STRIP = YES;
				GCC_C_LANGUAGE_STANDARD = gnu99;
				GCC_VERSION = com.apple.compilers.llvm.clang.1_0;
				GCC_WARN_ABOUT_RETURN_TYPE = YES;
				GCC_WARN_UNINITIALIZED_AUTOS = YES;
				GCC_WARN_UNUSED_VARIABLE = YES;
				IPHONEOS_DEPLOYMENT_TARGET = 5.1;
				OTHER_CFLAGS = "-DNS_BLOCK_ASSERTIONS=1";
				SDKROOT = iphoneos;
				TARGETED_DEVICE_FAMILY = "1,2";
				VALIDATE_PRODUCT = YES;
			};
			name = Release;
		};
		C4CB294515C8C40000889819 /* Debug */ = {
			isa = XCBuildConfiguration;
			buildSettings = {
				GCC_PRECOMPILE_PREFIX_HEADER = YES;
				GCC_PREFIX_HEADER = "NoahsArk/NoahsArk-Prefix.pch";
				INFOPLIST_FILE = "NoahsArk/NoahsArk-Info.plist";
				PRODUCT_NAME = "$(TARGET_NAME)";
				WRAPPER_EXTENSION = app;
			};
			name = Debug;
		};
		C4CB294615C8C40000889819 /* Release */ = {
			isa = XCBuildConfiguration;
			buildSettings = {
				GCC_PRECOMPILE_PREFIX_HEADER = YES;
				GCC_PREFIX_HEADER = "NoahsArk/NoahsArk-Prefix.pch";
				INFOPLIST_FILE = "NoahsArk/NoahsArk-Info.plist";
				PRODUCT_NAME = "$(TARGET_NAME)";
				WRAPPER_EXTENSION = app;
			};
			name = Release;
		};
		C4CB294815C8C40000889819 /* Debug */ = {
			isa = XCBuildConfiguration;
			buildSettings = {
				BUNDLE_LOADER = "$(BUILT_PRODUCTS_DIR)/NoahsArk.app/NoahsArk";
				FRAMEWORK_SEARCH_PATHS = (
					"$(SDKROOT)/Developer/Library/Frameworks",
					"$(DEVELOPER_LIBRARY_DIR)/Frameworks",
				);
				GCC_PRECOMPILE_PREFIX_HEADER = YES;
				GCC_PREFIX_HEADER = "NoahsArk/NoahsArk-Prefix.pch";
				INFOPLIST_FILE = "NoahsArkTests/NoahsArkTests-Info.plist";
				PRODUCT_NAME = "$(TARGET_NAME)";
				TEST_HOST = "$(BUNDLE_LOADER)";
				WRAPPER_EXTENSION = octest;
			};
			name = Debug;
		};
		C4CB294915C8C40000889819 /* Release */ = {
			isa = XCBuildConfiguration;
			buildSettings = {
				BUNDLE_LOADER = "$(BUILT_PRODUCTS_DIR)/NoahsArk.app/NoahsArk";
				FRAMEWORK_SEARCH_PATHS = (
					"$(SDKROOT)/Developer/Library/Frameworks",
					"$(DEVELOPER_LIBRARY_DIR)/Frameworks",
				);
				GCC_PRECOMPILE_PREFIX_HEADER = YES;
				GCC_PREFIX_HEADER = "NoahsArk/NoahsArk-Prefix.pch";
				INFOPLIST_FILE = "NoahsArkTests/NoahsArkTests-Info.plist";
				PRODUCT_NAME = "$(TARGET_NAME)";
				TEST_HOST = "$(BUNDLE_LOADER)";
				WRAPPER_EXTENSION = octest;
			};
			name = Release;
		};
/* End XCBuildConfiguration section */

/* Begin XCConfigurationList section */
		C4CB291115C8C3FF00889819 /* Build configuration list for PBXProject "NoahsArk" */ = {
			isa = XCConfigurationList;
			buildConfigurations = (
				C4CB294215C8C40000889819 /* Debug */,
				C4CB294315C8C40000889819 /* Release */,
			);
			defaultConfigurationIsVisible = 0;
			defaultConfigurationName = Release;
		};
		C4CB294415C8C40000889819 /* Build configuration list for PBXNativeTarget "NoahsArk" */ = {
			isa = XCConfigurationList;
			buildConfigurations = (
				C4CB294515C8C40000889819 /* Debug */,
				C4CB294615C8C40000889819 /* Release */,
			);
			defaultConfigurationIsVisible = 0;
		};
		C4CB294715C8C40000889819 /* Build configuration list for PBXNativeTarget "NoahsArkTests" */ = {
			isa = XCConfigurationList;
			buildConfigurations = (
				C4CB294815C8C40000889819 /* Debug */,
				C4CB294915C8C40000889819 /* Release */,
			);
			defaultConfigurationIsVisible = 0;
		};
/* End XCConfigurationList section */
	};
	rootObject = C4CB290E15C8C3FF00889819 /* Project object */;
}
