// !$*UTF8*$!
{
	archiveVersion = 1;
	classes = {
	};
	objectVersion = 46;
	objects = {

/* Begin PBXBuildFile section */
		C45CCDD415F56100009B4AB0 /* UIKit.framework in Frameworks */ = {isa = PBXBuildFile; fileRef = C45CCDD315F56100009B4AB0 /* UIKit.framework */; };
		C45CCDD615F56100009B4AB0 /* Foundation.framework in Frameworks */ = {isa = PBXBuildFile; fileRef = C45CCDD515F56100009B4AB0 /* Foundation.framework */; };
		C45CCDD815F56100009B4AB0 /* CoreGraphics.framework in Frameworks */ = {isa = PBXBuildFile; fileRef = C45CCDD715F56100009B4AB0 /* CoreGraphics.framework */; };
		C45CCDDE15F56100009B4AB0 /* InfoPlist.strings in Resources */ = {isa = PBXBuildFile; fileRef = C45CCDDC15F56100009B4AB0 /* InfoPlist.strings */; };
		C45CCDE015F56100009B4AB0 /* main.m in Sources */ = {isa = PBXBuildFile; fileRef = C45CCDDF15F56100009B4AB0 /* main.m */; };
		C45CCDE415F56100009B4AB0 /* AppDelegate.m in Sources */ = {isa = PBXBuildFile; fileRef = C45CCDE315F56100009B4AB0 /* AppDelegate.m */; };
		C45CCDE715F56100009B4AB0 /* ViewController.m in Sources */ = {isa = PBXBuildFile; fileRef = C45CCDE615F56100009B4AB0 /* ViewController.m */; };
		C45CCDEA15F56100009B4AB0 /* ViewController_iPhone.xib in Resources */ = {isa = PBXBuildFile; fileRef = C45CCDE815F56100009B4AB0 /* ViewController_iPhone.xib */; };
		C45CCDF815F999A0009B4AB0 /* infoView.xib in Resources */ = {isa = PBXBuildFile; fileRef = C45CCDF715F999A0009B4AB0 /* infoView.xib */; };
		C45CCDFF15F99BF8009B4AB0 /* InfoViewController.m in Sources */ = {isa = PBXBuildFile; fileRef = C45CCDFE15F99BF8009B4AB0 /* InfoViewController.m */; };
/* End PBXBuildFile section */

/* Begin PBXFileReference section */
		C45CCDCF15F56100009B4AB0 /* Calculator.app */ = {isa = PBXFileReference; explicitFileType = wrapper.application; includeInIndex = 0; path = Calculator.app; sourceTree = BUILT_PRODUCTS_DIR; };
		C45CCDD315F56100009B4AB0 /* UIKit.framework */ = {isa = PBXFileReference; lastKnownFileType = wrapper.framework; name = UIKit.framework; path = System/Library/Frameworks/UIKit.framework; sourceTree = SDKROOT; };
		C45CCDD515F56100009B4AB0 /* Foundation.framework */ = {isa = PBXFileReference; lastKnownFileType = wrapper.framework; name = Foundation.framework; path = System/Library/Frameworks/Foundation.framework; sourceTree = SDKROOT; };
		C45CCDD715F56100009B4AB0 /* CoreGraphics.framework */ = {isa = PBXFileReference; lastKnownFileType = wrapper.framework; name = CoreGraphics.framework; path = System/Library/Frameworks/CoreGraphics.framework; sourceTree = SDKROOT; };
		C45CCDDB15F56100009B4AB0 /* Calculator-Info.plist */ = {isa = PBXFileReference; lastKnownFileType = text.plist.xml; path = "Calculator-Info.plist"; sourceTree = "<group>"; };
		C45CCDDD15F56100009B4AB0 /* en */ = {isa = PBXFileReference; lastKnownFileType = text.plist.strings; name = en; path = en.lproj/InfoPlist.strings; sourceTree = "<group>"; };
		C45CCDDF15F56100009B4AB0 /* main.m */ = {isa = PBXFileReference; lastKnownFileType = sourcecode.c.objc; path = main.m; sourceTree = "<group>"; };
		C45CCDE115F56100009B4AB0 /* Calculator-Prefix.pch */ = {isa = PBXFileReference; lastKnownFileType = sourcecode.c.h; path = "Calculator-Prefix.pch"; sourceTree = "<group>"; };
		C45CCDE215F56100009B4AB0 /* AppDelegate.h */ = {isa = PBXFileReference; lastKnownFileType = sourcecode.c.h; path = AppDelegate.h; sourceTree = "<group>"; };
		C45CCDE315F56100009B4AB0 /* AppDelegate.m */ = {isa = PBXFileReference; lastKnownFileType = sourcecode.c.objc; path = AppDelegate.m; sourceTree = "<group>"; };
		C45CCDE515F56100009B4AB0 /* ViewController.h */ = {isa = PBXFileReference; lastKnownFileType = sourcecode.c.h; path = ViewController.h; sourceTree = "<group>"; };
		C45CCDE615F56100009B4AB0 /* ViewController.m */ = {isa = PBXFileReference; lastKnownFileType = sourcecode.c.objc; path = ViewController.m; sourceTree = "<group>"; };
		C45CCDE915F56100009B4AB0 /* en */ = {isa = PBXFileReference; lastKnownFileType = file.xib; name = en; path = en.lproj/ViewController_iPhone.xib; sourceTree = "<group>"; };
		C45CCDF715F999A0009B4AB0 /* infoView.xib */ = {isa = PBXFileReference; fileEncoding = 4; lastKnownFileType = file.xib; path = infoView.xib; sourceTree = "<group>"; };
		C45CCDFD15F99BF8009B4AB0 /* InfoViewController.h */ = {isa = PBXFileReference; fileEncoding = 4; lastKnownFileType = sourcecode.c.h; path = InfoViewController.h; sourceTree = "<group>"; };
		C45CCDFE15F99BF8009B4AB0 /* InfoViewController.m */ = {isa = PBXFileReference; fileEncoding = 4; lastKnownFileType = sourcecode.c.objc; path = InfoViewController.m; sourceTree = "<group>"; };
/* End PBXFileReference section */

/* Begin PBXFrameworksBuildPhase section */
		C45CCDCC15F56100009B4AB0 /* Frameworks */ = {
			isa = PBXFrameworksBuildPhase;
			buildActionMask = 2147483647;
			files = (
				C45CCDD415F56100009B4AB0 /* UIKit.framework in Frameworks */,
				C45CCDD615F56100009B4AB0 /* Foundation.framework in Frameworks */,
				C45CCDD815F56100009B4AB0 /* CoreGraphics.framework in Frameworks */,
			);
			runOnlyForDeploymentPostprocessing = 0;
		};
/* End PBXFrameworksBuildPhase section */

/* Begin PBXGroup section */
		C45CCDC415F56100009B4AB0 = {
			isa = PBXGroup;
			children = (
				C45CCDD915F56100009B4AB0 /* Calculator */,
				C45CCDD215F56100009B4AB0 /* Frameworks */,
				C45CCDD015F56100009B4AB0 /* Products */,
			);
			sourceTree = "<group>";
		};
		C45CCDD015F56100009B4AB0 /* Products */ = {
			isa = PBXGroup;
			children = (
				C45CCDCF15F56100009B4AB0 /* Calculator.app */,
			);
			name = Products;
			sourceTree = "<group>";
		};
		C45CCDD215F56100009B4AB0 /* Frameworks */ = {
			isa = PBXGroup;
			children = (
				C45CCDD315F56100009B4AB0 /* UIKit.framework */,
				C45CCDD515F56100009B4AB0 /* Foundation.framework */,
				C45CCDD715F56100009B4AB0 /* CoreGraphics.framework */,
			);
			name = Frameworks;
			sourceTree = "<group>";
		};
		C45CCDD915F56100009B4AB0 /* Calculator */ = {
			isa = PBXGroup;
			children = (
				C45CCDE215F56100009B4AB0 /* AppDelegate.h */,
				C45CCDE315F56100009B4AB0 /* AppDelegate.m */,
				C45CCDE515F56100009B4AB0 /* ViewController.h */,
				C45CCDE615F56100009B4AB0 /* ViewController.m */,
				C45CCDE815F56100009B4AB0 /* ViewController_iPhone.xib */,
				C45CCDDA15F56100009B4AB0 /* Supporting Files */,
				C45CCDF715F999A0009B4AB0 /* infoView.xib */,
				C45CCDFD15F99BF8009B4AB0 /* InfoViewController.h */,
				C45CCDFE15F99BF8009B4AB0 /* InfoViewController.m */,
			);
			path = Calculator;
			sourceTree = "<group>";
		};
		C45CCDDA15F56100009B4AB0 /* Supporting Files */ = {
			isa = PBXGroup;
			children = (
				C45CCDDB15F56100009B4AB0 /* Calculator-Info.plist */,
				C45CCDDC15F56100009B4AB0 /* InfoPlist.strings */,
				C45CCDDF15F56100009B4AB0 /* main.m */,
				C45CCDE115F56100009B4AB0 /* Calculator-Prefix.pch */,
			);
			name = "Supporting Files";
			sourceTree = "<group>";
		};
/* End PBXGroup section */

/* Begin PBXNativeTarget section */
		C45CCDCE15F56100009B4AB0 /* Calculator */ = {
			isa = PBXNativeTarget;
			buildConfigurationList = C45CCDF015F56100009B4AB0 /* Build configuration list for PBXNativeTarget "Calculator" */;
			buildPhases = (
				C45CCDCB15F56100009B4AB0 /* Sources */,
				C45CCDCC15F56100009B4AB0 /* Frameworks */,
				C45CCDCD15F56100009B4AB0 /* Resources */,
			);
			buildRules = (
			);
			dependencies = (
			);
			name = Calculator;
			productName = Calculator;
			productReference = C45CCDCF15F56100009B4AB0 /* Calculator.app */;
			productType = "com.apple.product-type.application";
		};
/* End PBXNativeTarget section */

/* Begin PBXProject section */
		C45CCDC615F56100009B4AB0 /* Project object */ = {
			isa = PBXProject;
			attributes = {
				LastUpgradeCheck = 0440;
				ORGANIZATIONNAME = Jonathan;
			};
			buildConfigurationList = C45CCDC915F56100009B4AB0 /* Build configuration list for PBXProject "Calculator" */;
			compatibilityVersion = "Xcode 3.2";
			developmentRegion = English;
			hasScannedForEncodings = 0;
			knownRegions = (
				en,
			);
			mainGroup = C45CCDC415F56100009B4AB0;
			productRefGroup = C45CCDD015F56100009B4AB0 /* Products */;
			projectDirPath = "";
			projectRoot = "";
			targets = (
				C45CCDCE15F56100009B4AB0 /* Calculator */,
			);
		};
/* End PBXProject section */

/* Begin PBXResourcesBuildPhase section */
		C45CCDCD15F56100009B4AB0 /* Resources */ = {
			isa = PBXResourcesBuildPhase;
			buildActionMask = 2147483647;
			files = (
				C45CCDDE15F56100009B4AB0 /* InfoPlist.strings in Resources */,
				C45CCDEA15F56100009B4AB0 /* ViewController_iPhone.xib in Resources */,
				C45CCDF815F999A0009B4AB0 /* infoView.xib in Resources */,
			);
			runOnlyForDeploymentPostprocessing = 0;
		};
/* End PBXResourcesBuildPhase section */

/* Begin PBXSourcesBuildPhase section */
		C45CCDCB15F56100009B4AB0 /* Sources */ = {
			isa = PBXSourcesBuildPhase;
			buildActionMask = 2147483647;
			files = (
				C45CCDE015F56100009B4AB0 /* main.m in Sources */,
				C45CCDE415F56100009B4AB0 /* AppDelegate.m in Sources */,
				C45CCDE715F56100009B4AB0 /* ViewController.m in Sources */,
				C45CCDFF15F99BF8009B4AB0 /* InfoViewController.m in Sources */,
			);
			runOnlyForDeploymentPostprocessing = 0;
		};
/* End PBXSourcesBuildPhase section */

/* Begin PBXVariantGroup section */
		C45CCDDC15F56100009B4AB0 /* InfoPlist.strings */ = {
			isa = PBXVariantGroup;
			children = (
				C45CCDDD15F56100009B4AB0 /* en */,
			);
			name = InfoPlist.strings;
			sourceTree = "<group>";
		};
		C45CCDE815F56100009B4AB0 /* ViewController_iPhone.xib */ = {
			isa = PBXVariantGroup;
			children = (
				C45CCDE915F56100009B4AB0 /* en */,
			);
			name = ViewController_iPhone.xib;
			sourceTree = "<group>";
		};
/* End PBXVariantGroup section */

/* Begin XCBuildConfiguration section */
		C45CCDEE15F56100009B4AB0 /* Debug */ = {
			isa = XCBuildConfiguration;
			buildSettings = {
				ALWAYS_SEARCH_USER_PATHS = NO;
				ARCHS = "$(ARCHS_STANDARD_32_BIT)";
				CLANG_CXX_LANGUAGE_STANDARD = "gnu++0x";
				CLANG_ENABLE_OBJC_ARC = YES;
				CLANG_WARN__DUPLICATE_METHOD_MATCH = YES;
				"CODE_SIGN_IDENTITY[sdk=iphoneos*]" = "iPhone Developer";
				COPY_PHASE_STRIP = NO;
				GCC_C_LANGUAGE_STANDARD = gnu99;
				GCC_DYNAMIC_NO_PIC = NO;
				GCC_OPTIMIZATION_LEVEL = 0;
				GCC_PREPROCESSOR_DEFINITIONS = (
					"DEBUG=1",
					"$(inherited)",
				);
				GCC_SYMBOLS_PRIVATE_EXTERN = NO;
				GCC_VERSION = com.apple.compilers.llvm.clang.1_0;
				GCC_WARN_ABOUT_RETURN_TYPE = YES;
				GCC_WARN_UNINITIALIZED_AUTOS = YES;
				GCC_WARN_UNUSED_VARIABLE = YES;
				IPHONEOS_DEPLOYMENT_TARGET = 5.1;
				SDKROOT = iphoneos;
				TARGETED_DEVICE_FAMILY = "1,2";
			};
			name = Debug;
		};
		C45CCDEF15F56100009B4AB0 /* Release */ = {
			isa = XCBuildConfiguration;
			buildSettings = {
				ALWAYS_SEARCH_USER_PATHS = NO;
				ARCHS = "$(ARCHS_STANDARD_32_BIT)";
				CLANG_CXX_LANGUAGE_STANDARD = "gnu++0x";
				CLANG_ENABLE_OBJC_ARC = YES;
				CLANG_WARN__DUPLICATE_METHOD_MATCH = YES;
				"CODE_SIGN_IDENTITY[sdk=iphoneos*]" = "iPhone Developer";
				COPY_PHASE_STRIP = YES;
				GCC_C_LANGUAGE_STANDARD = gnu99;
				GCC_VERSION = com.apple.compilers.llvm.clang.1_0;
				GCC_WARN_ABOUT_RETURN_TYPE = YES;
				GCC_WARN_UNINITIALIZED_AUTOS = YES;
				GCC_WARN_UNUSED_VARIABLE = YES;
				IPHONEOS_DEPLOYMENT_TARGET = 5.1;
				OTHER_CFLAGS = "-DNS_BLOCK_ASSERTIONS=1";
				SDKROOT = iphoneos;
				TARGETED_DEVICE_FAMILY = "1,2";
				VALIDATE_PRODUCT = YES;
			};
			name = Release;
		};
		C45CCDF115F56100009B4AB0 /* Debug */ = {
			isa = XCBuildConfiguration;
			buildSettings = {
				GCC_PRECOMPILE_PREFIX_HEADER = YES;
				GCC_PREFIX_HEADER = "Calculator/Calculator-Prefix.pch";
				INFOPLIST_FILE = "Calculator/Calculator-Info.plist";
				PRODUCT_NAME = "$(TARGET_NAME)";
				TARGETED_DEVICE_FAMILY = 1;
				WRAPPER_EXTENSION = app;
			};
			name = Debug;
		};
		C45CCDF215F56100009B4AB0 /* Release */ = {
			isa = XCBuildConfiguration;
			buildSettings = {
				GCC_PRECOMPILE_PREFIX_HEADER = YES;
				GCC_PREFIX_HEADER = "Calculator/Calculator-Prefix.pch";
				INFOPLIST_FILE = "Calculator/Calculator-Info.plist";
				PRODUCT_NAME = "$(TARGET_NAME)";
				TARGETED_DEVICE_FAMILY = 1;
				WRAPPER_EXTENSION = app;
			};
			name = Release;
		};
/* End XCBuildConfiguration section */

/* Begin XCConfigurationList section */
		C45CCDC915F56100009B4AB0 /* Build configuration list for PBXProject "Calculator" */ = {
			isa = XCConfigurationList;
			buildConfigurations = (
				C45CCDEE15F56100009B4AB0 /* Debug */,
				C45CCDEF15F56100009B4AB0 /* Release */,
			);
			defaultConfigurationIsVisible = 0;
			defaultConfigurationName = Release;
		};
		C45CCDF015F56100009B4AB0 /* Build configuration list for PBXNativeTarget "Calculator" */ = {
			isa = XCConfigurationList;
			buildConfigurations = (
				C45CCDF115F56100009B4AB0 /* Debug */,
				C45CCDF215F56100009B4AB0 /* Release */,
			);
			defaultConfigurationIsVisible = 0;
			defaultConfigurationName = Release;
		};
/* End XCConfigurationList section */
	};
	rootObject = C45CCDC615F56100009B4AB0 /* Project object */;
}
